// !$*UTF8*$!
{
	archiveVersion = 1;
	classes = {
	};
	objectVersion = 46;
	objects = {

/* Begin PBXBuildFile section */
		D14148A3461E7FCA92EB42AF /* Pods_InstagramLikeApp.framework in Frameworks */ = {isa = PBXBuildFile; fileRef = B57F131A07048120931EF79B /* Pods_InstagramLikeApp.framework */; };
		D46D40E21E983F6F00D6447B /* UserProfileHeader.swift in Sources */ = {isa = PBXBuildFile; fileRef = D46D40E11E983F6F00D6447B /* UserProfileHeader.swift */; };
		D46E48C51E940AAE00EA9D6B /* AppDelegate.swift in Sources */ = {isa = PBXBuildFile; fileRef = D46E48C41E940AAE00EA9D6B /* AppDelegate.swift */; };
		D46E48C71E940AAE00EA9D6B /* SignUpController.swift in Sources */ = {isa = PBXBuildFile; fileRef = D46E48C61E940AAE00EA9D6B /* SignUpController.swift */; };
		D46E48CA1E940AAE00EA9D6B /* Main.storyboard in Resources */ = {isa = PBXBuildFile; fileRef = D46E48C81E940AAE00EA9D6B /* Main.storyboard */; };
		D46E48CD1E940AAE00EA9D6B /* InstagramLikeApp.xcdatamodeld in Sources */ = {isa = PBXBuildFile; fileRef = D46E48CB1E940AAE00EA9D6B /* InstagramLikeApp.xcdatamodeld */; };
		D46E48CF1E940AAE00EA9D6B /* Assets.xcassets in Resources */ = {isa = PBXBuildFile; fileRef = D46E48CE1E940AAE00EA9D6B /* Assets.xcassets */; };
		D46E48D21E940AAE00EA9D6B /* LaunchScreen.storyboard in Resources */ = {isa = PBXBuildFile; fileRef = D46E48D01E940AAE00EA9D6B /* LaunchScreen.storyboard */; };
		D46E48DD1E940AAE00EA9D6B /* InstagramLikeAppTests.swift in Sources */ = {isa = PBXBuildFile; fileRef = D46E48DC1E940AAE00EA9D6B /* InstagramLikeAppTests.swift */; };
		D46E48E81E940AAE00EA9D6B /* InstagramLikeAppUITests.swift in Sources */ = {isa = PBXBuildFile; fileRef = D46E48E71E940AAE00EA9D6B /* InstagramLikeAppUITests.swift */; };
		D46E48F61E94269800EA9D6B /* mViewController.swift in Sources */ = {isa = PBXBuildFile; fileRef = D46E48F51E94269800EA9D6B /* mViewController.swift */; };
		D46E48F91E94343A00EA9D6B /* Extensions.swift in Sources */ = {isa = PBXBuildFile; fileRef = D46E48F81E94343A00EA9D6B /* Extensions.swift */; };
		D46E48FB1E9443B800EA9D6B /* GoogleService-Info.plist in Resources */ = {isa = PBXBuildFile; fileRef = D46E48FA1E9443B800EA9D6B /* GoogleService-Info.plist */; };
		D4A9BD671E9B1C2C00C6E20F /* Structs.swift in Sources */ = {isa = PBXBuildFile; fileRef = D4A9BD661E9B1C2C00C6E20F /* Structs.swift */; };
		D4A9BD931E9D4DAE00C6E20F /* LoginController.swift in Sources */ = {isa = PBXBuildFile; fileRef = D4A9BD921E9D4DAE00C6E20F /* LoginController.swift */; };
		D4F2CB661E97E91800B0F1D6 /* MainTabBarController.swift in Sources */ = {isa = PBXBuildFile; fileRef = D4F2CB651E97E91800B0F1D6 /* MainTabBarController.swift */; };
		D4F2CB681E97EAF900B0F1D6 /* UserProfileController.swift in Sources */ = {isa = PBXBuildFile; fileRef = D4F2CB671E97EAF900B0F1D6 /* UserProfileController.swift */; };
/* End PBXBuildFile section */

/* Begin PBXContainerItemProxy section */
		D46E48D91E940AAE00EA9D6B /* PBXContainerItemProxy */ = {
			isa = PBXContainerItemProxy;
			containerPortal = D46E48B91E940AAE00EA9D6B /* Project object */;
			proxyType = 1;
			remoteGlobalIDString = D46E48C01E940AAE00EA9D6B;
			remoteInfo = InstagramLikeApp;
		};
		D46E48E41E940AAE00EA9D6B /* PBXContainerItemProxy */ = {
			isa = PBXContainerItemProxy;
			containerPortal = D46E48B91E940AAE00EA9D6B /* Project object */;
			proxyType = 1;
			remoteGlobalIDString = D46E48C01E940AAE00EA9D6B;
			remoteInfo = InstagramLikeApp;
		};
/* End PBXContainerItemProxy section */

/* Begin PBXFileReference section */
		6CB40394B38E0E7E4A06F7C4 /* Pods-InstagramLikeApp.debug.xcconfig */ = {isa = PBXFileReference; includeInIndex = 1; lastKnownFileType = text.xcconfig; name = "Pods-InstagramLikeApp.debug.xcconfig"; path = "Pods/Target Support Files/Pods-InstagramLikeApp/Pods-InstagramLikeApp.debug.xcconfig"; sourceTree = "<group>"; };
		B57F131A07048120931EF79B /* Pods_InstagramLikeApp.framework */ = {isa = PBXFileReference; explicitFileType = wrapper.framework; includeInIndex = 0; path = Pods_InstagramLikeApp.framework; sourceTree = BUILT_PRODUCTS_DIR; };
		D4128DCD1E956B210006816B /* InstagramLikeApp.entitlements */ = {isa = PBXFileReference; lastKnownFileType = text.plist.entitlements; path = InstagramLikeApp.entitlements; sourceTree = "<group>"; };
		D46D40E11E983F6F00D6447B /* UserProfileHeader.swift */ = {isa = PBXFileReference; fileEncoding = 4; lastKnownFileType = sourcecode.swift; path = UserProfileHeader.swift; sourceTree = "<group>"; };
		D46E48C11E940AAE00EA9D6B /* InstagramLikeApp.app */ = {isa = PBXFileReference; explicitFileType = wrapper.application; includeInIndex = 0; path = InstagramLikeApp.app; sourceTree = BUILT_PRODUCTS_DIR; };
		D46E48C41E940AAE00EA9D6B /* AppDelegate.swift */ = {isa = PBXFileReference; lastKnownFileType = sourcecode.swift; path = AppDelegate.swift; sourceTree = "<group>"; };
		D46E48C61E940AAE00EA9D6B /* SignUpController.swift */ = {isa = PBXFileReference; lastKnownFileType = sourcecode.swift; path = SignUpController.swift; sourceTree = "<group>"; };
		D46E48C91E940AAE00EA9D6B /* Base */ = {isa = PBXFileReference; lastKnownFileType = file.storyboard; name = Base; path = Base.lproj/Main.storyboard; sourceTree = "<group>"; };
		D46E48CC1E940AAE00EA9D6B /* InstagramLikeApp.xcdatamodel */ = {isa = PBXFileReference; lastKnownFileType = wrapper.xcdatamodel; path = InstagramLikeApp.xcdatamodel; sourceTree = "<group>"; };
		D46E48CE1E940AAE00EA9D6B /* Assets.xcassets */ = {isa = PBXFileReference; lastKnownFileType = folder.assetcatalog; path = Assets.xcassets; sourceTree = "<group>"; };
		D46E48D11E940AAE00EA9D6B /* Base */ = {isa = PBXFileReference; lastKnownFileType = file.storyboard; name = Base; path = Base.lproj/LaunchScreen.storyboard; sourceTree = "<group>"; };
		D46E48D31E940AAE00EA9D6B /* Info.plist */ = {isa = PBXFileReference; lastKnownFileType = text.plist.xml; path = Info.plist; sourceTree = "<group>"; };
		D46E48D81E940AAE00EA9D6B /* InstagramLikeAppTests.xctest */ = {isa = PBXFileReference; explicitFileType = wrapper.cfbundle; includeInIndex = 0; path = InstagramLikeAppTests.xctest; sourceTree = BUILT_PRODUCTS_DIR; };
		D46E48DC1E940AAE00EA9D6B /* InstagramLikeAppTests.swift */ = {isa = PBXFileReference; lastKnownFileType = sourcecode.swift; path = InstagramLikeAppTests.swift; sourceTree = "<group>"; };
		D46E48DE1E940AAE00EA9D6B /* Info.plist */ = {isa = PBXFileReference; lastKnownFileType = text.plist.xml; path = Info.plist; sourceTree = "<group>"; };
		D46E48E31E940AAE00EA9D6B /* InstagramLikeAppUITests.xctest */ = {isa = PBXFileReference; explicitFileType = wrapper.cfbundle; includeInIndex = 0; path = InstagramLikeAppUITests.xctest; sourceTree = BUILT_PRODUCTS_DIR; };
		D46E48E71E940AAE00EA9D6B /* InstagramLikeAppUITests.swift */ = {isa = PBXFileReference; lastKnownFileType = sourcecode.swift; path = InstagramLikeAppUITests.swift; sourceTree = "<group>"; };
		D46E48E91E940AAE00EA9D6B /* Info.plist */ = {isa = PBXFileReference; lastKnownFileType = text.plist.xml; path = Info.plist; sourceTree = "<group>"; };
		D46E48F51E94269800EA9D6B /* mViewController.swift */ = {isa = PBXFileReference; fileEncoding = 4; lastKnownFileType = sourcecode.swift; path = mViewController.swift; sourceTree = "<group>"; };
		D46E48F81E94343A00EA9D6B /* Extensions.swift */ = {isa = PBXFileReference; fileEncoding = 4; lastKnownFileType = sourcecode.swift; path = Extensions.swift; sourceTree = "<group>"; };
		D46E48FA1E9443B800EA9D6B /* GoogleService-Info.plist */ = {isa = PBXFileReference; fileEncoding = 4; lastKnownFileType = text.plist.xml; path = "GoogleService-Info.plist"; sourceTree = "<group>"; };
		D4A9BD661E9B1C2C00C6E20F /* Structs.swift */ = {isa = PBXFileReference; fileEncoding = 4; lastKnownFileType = sourcecode.swift; path = Structs.swift; sourceTree = "<group>"; };
		D4A9BD921E9D4DAE00C6E20F /* LoginController.swift */ = {isa = PBXFileReference; fileEncoding = 4; lastKnownFileType = sourcecode.swift; path = LoginController.swift; sourceTree = "<group>"; };
		D4F2CB651E97E91800B0F1D6 /* MainTabBarController.swift */ = {isa = PBXFileReference; fileEncoding = 4; lastKnownFileType = sourcecode.swift; path = MainTabBarController.swift; sourceTree = "<group>"; };
		D4F2CB671E97EAF900B0F1D6 /* UserProfileController.swift */ = {isa = PBXFileReference; fileEncoding = 4; lastKnownFileType = sourcecode.swift; path = UserProfileController.swift; sourceTree = "<group>"; };
		EBEA24F8F4CD8160F04A1699 /* Pods-InstagramLikeApp.release.xcconfig */ = {isa = PBXFileReference; includeInIndex = 1; lastKnownFileType = text.xcconfig; name = "Pods-InstagramLikeApp.release.xcconfig"; path = "Pods/Target Support Files/Pods-InstagramLikeApp/Pods-InstagramLikeApp.release.xcconfig"; sourceTree = "<group>"; };
/* End PBXFileReference section */

/* Begin PBXFrameworksBuildPhase section */
		D46E48BE1E940AAE00EA9D6B /* Frameworks */ = {
			isa = PBXFrameworksBuildPhase;
			buildActionMask = 2147483647;
			files = (
				D14148A3461E7FCA92EB42AF /* Pods_InstagramLikeApp.framework in Frameworks */,
			);
			runOnlyForDeploymentPostprocessing = 0;
		};
		D46E48D51E940AAE00EA9D6B /* Frameworks */ = {
			isa = PBXFrameworksBuildPhase;
			buildActionMask = 2147483647;
			files = (
			);
			runOnlyForDeploymentPostprocessing = 0;
		};
		D46E48E01E940AAE00EA9D6B /* Frameworks */ = {
			isa = PBXFrameworksBuildPhase;
			buildActionMask = 2147483647;
			files = (
			);
			runOnlyForDeploymentPostprocessing = 0;
		};
/* End PBXFrameworksBuildPhase section */

/* Begin PBXGroup section */
		1CD80CB03BA043D8A65DEAD4 /* Frameworks */ = {
			isa = PBXGroup;
			children = (
				B57F131A07048120931EF79B /* Pods_InstagramLikeApp.framework */,
			);
			name = Frameworks;
			sourceTree = "<group>";
		};
		D46D40DE1E983EDF00D6447B /* UserProfile */ = {
			isa = PBXGroup;
			children = (
				D46D40E11E983F6F00D6447B /* UserProfileHeader.swift */,
				D4F2CB671E97EAF900B0F1D6 /* UserProfileController.swift */,
			);
			name = UserProfile;
			sourceTree = "<group>";
		};
		D46E48B81E940AAE00EA9D6B = {
			isa = PBXGroup;
			children = (
				D46E48C31E940AAE00EA9D6B /* InstagramLikeApp */,
				D46E48DB1E940AAE00EA9D6B /* InstagramLikeAppTests */,
				D46E48E61E940AAE00EA9D6B /* InstagramLikeAppUITests */,
				D46E48C21E940AAE00EA9D6B /* Products */,
				EA547ECF20797AC3891E9699 /* Pods */,
				1CD80CB03BA043D8A65DEAD4 /* Frameworks */,
			);
			sourceTree = "<group>";
		};
		D46E48C21E940AAE00EA9D6B /* Products */ = {
			isa = PBXGroup;
			children = (
				D46E48C11E940AAE00EA9D6B /* InstagramLikeApp.app */,
				D46E48D81E940AAE00EA9D6B /* InstagramLikeAppTests.xctest */,
				D46E48E31E940AAE00EA9D6B /* InstagramLikeAppUITests.xctest */,
			);
			name = Products;
			sourceTree = "<group>";
		};
		D46E48C31E940AAE00EA9D6B /* InstagramLikeApp */ = {
			isa = PBXGroup;
			children = (
				D4128DCD1E956B210006816B /* InstagramLikeApp.entitlements */,
				D4A9BD911E9D4D8600C6E20F /* LoginController */,
				D46E48F71E94340B00EA9D6B /* utility */,
				D46E48C41E940AAE00EA9D6B /* AppDelegate.swift */,
				D46D40DE1E983EDF00D6447B /* UserProfile */,
				D4F2CB651E97E91800B0F1D6 /* MainTabBarController.swift */,
				D46E48F51E94269800EA9D6B /* mViewController.swift */,
				D46E48C81E940AAE00EA9D6B /* Main.storyboard */,
				D46E48CE1E940AAE00EA9D6B /* Assets.xcassets */,
				D46E48D01E940AAE00EA9D6B /* LaunchScreen.storyboard */,
				D46E48D31E940AAE00EA9D6B /* Info.plist */,
				D46E48FA1E9443B800EA9D6B /* GoogleService-Info.plist */,
				D46E48CB1E940AAE00EA9D6B /* InstagramLikeApp.xcdatamodeld */,
			);
			path = InstagramLikeApp;
			sourceTree = "<group>";
		};
		D46E48DB1E940AAE00EA9D6B /* InstagramLikeAppTests */ = {
			isa = PBXGroup;
			children = (
				D46E48DC1E940AAE00EA9D6B /* InstagramLikeAppTests.swift */,
				D46E48DE1E940AAE00EA9D6B /* Info.plist */,
			);
			path = InstagramLikeAppTests;
			sourceTree = "<group>";
		};
		D46E48E61E940AAE00EA9D6B /* InstagramLikeAppUITests */ = {
			isa = PBXGroup;
			children = (
				D46E48E71E940AAE00EA9D6B /* InstagramLikeAppUITests.swift */,
				D46E48E91E940AAE00EA9D6B /* Info.plist */,
			);
			path = InstagramLikeAppUITests;
			sourceTree = "<group>";
		};
		D46E48F71E94340B00EA9D6B /* utility */ = {
			isa = PBXGroup;
			children = (
				D46E48F81E94343A00EA9D6B /* Extensions.swift */,
				D4A9BD661E9B1C2C00C6E20F /* Structs.swift */,
			);
			name = utility;
			sourceTree = "<group>";
		};
		D4A9BD911E9D4D8600C6E20F /* LoginController */ = {
			isa = PBXGroup;
			children = (
				D4A9BD921E9D4DAE00C6E20F /* LoginController.swift */,
				D46E48C61E940AAE00EA9D6B /* SignUpController.swift */,
			);
			name = LoginController;
			sourceTree = "<group>";
		};
		EA547ECF20797AC3891E9699 /* Pods */ = {
			isa = PBXGroup;
			children = (
				6CB40394B38E0E7E4A06F7C4 /* Pods-InstagramLikeApp.debug.xcconfig */,
				EBEA24F8F4CD8160F04A1699 /* Pods-InstagramLikeApp.release.xcconfig */,
			);
			name = Pods;
			sourceTree = "<group>";
		};
/* End PBXGroup section */

/* Begin PBXNativeTarget section */
		D46E48C01E940AAE00EA9D6B /* InstagramLikeApp */ = {
			isa = PBXNativeTarget;
			buildConfigurationList = D46E48EC1E940AAE00EA9D6B /* Build configuration list for PBXNativeTarget "InstagramLikeApp" */;
			buildPhases = (
				006C658C8A808FC8E2DAC210 /* [CP] Check Pods Manifest.lock */,
				D46E48BD1E940AAE00EA9D6B /* Sources */,
				D46E48BE1E940AAE00EA9D6B /* Frameworks */,
				D46E48BF1E940AAE00EA9D6B /* Resources */,
				F5EE8FBFFFB44007A9C8EE92 /* [CP] Embed Pods Frameworks */,
				0EFDC5382AC925FE19622E8D /* [CP] Copy Pods Resources */,
				D414A43D1E95F95D0013958C /* ShellScript */,
			);
			buildRules = (
			);
			dependencies = (
			);
			name = InstagramLikeApp;
			productName = InstagramLikeApp;
			productReference = D46E48C11E940AAE00EA9D6B /* InstagramLikeApp.app */;
			productType = "com.apple.product-type.application";
		};
		D46E48D71E940AAE00EA9D6B /* InstagramLikeAppTests */ = {
			isa = PBXNativeTarget;
			buildConfigurationList = D46E48EF1E940AAE00EA9D6B /* Build configuration list for PBXNativeTarget "InstagramLikeAppTests" */;
			buildPhases = (
				D46E48D41E940AAE00EA9D6B /* Sources */,
				D46E48D51E940AAE00EA9D6B /* Frameworks */,
				D46E48D61E940AAE00EA9D6B /* Resources */,
			);
			buildRules = (
			);
			dependencies = (
				D46E48DA1E940AAE00EA9D6B /* PBXTargetDependency */,
			);
			name = InstagramLikeAppTests;
			productName = InstagramLikeAppTests;
			productReference = D46E48D81E940AAE00EA9D6B /* InstagramLikeAppTests.xctest */;
			productType = "com.apple.product-type.bundle.unit-test";
		};
		D46E48E21E940AAE00EA9D6B /* InstagramLikeAppUITests */ = {
			isa = PBXNativeTarget;
			buildConfigurationList = D46E48F21E940AAE00EA9D6B /* Build configuration list for PBXNativeTarget "InstagramLikeAppUITests" */;
			buildPhases = (
				D46E48DF1E940AAE00EA9D6B /* Sources */,
				D46E48E01E940AAE00EA9D6B /* Frameworks */,
				D46E48E11E940AAE00EA9D6B /* Resources */,
			);
			buildRules = (
			);
			dependencies = (
				D46E48E51E940AAE00EA9D6B /* PBXTargetDependency */,
			);
			name = InstagramLikeAppUITests;
			productName = InstagramLikeAppUITests;
			productReference = D46E48E31E940AAE00EA9D6B /* InstagramLikeAppUITests.xctest */;
			productType = "com.apple.product-type.bundle.ui-testing";
		};
/* End PBXNativeTarget section */

/* Begin PBXProject section */
		D46E48B91E940AAE00EA9D6B /* Project object */ = {
			isa = PBXProject;
			attributes = {
				LastSwiftUpdateCheck = 0830;
				LastUpgradeCheck = 0830;
				ORGANIZATIONNAME = "eric yu";
				TargetAttributes = {
					D46E48C01E940AAE00EA9D6B = {
						CreatedOnToolsVersion = 8.3;
						DevelopmentTeam = XFDXLZRBS4;
						ProvisioningStyle = Automatic;
						SystemCapabilities = {
							com.apple.Keychain = {
								enabled = 1;
							};
						};
					};
					D46E48D71E940AAE00EA9D6B = {
						CreatedOnToolsVersion = 8.3;
						DevelopmentTeam = XFDXLZRBS4;
						ProvisioningStyle = Automatic;
						TestTargetID = D46E48C01E940AAE00EA9D6B;
					};
					D46E48E21E940AAE00EA9D6B = {
						CreatedOnToolsVersion = 8.3;
						DevelopmentTeam = XFDXLZRBS4;
						ProvisioningStyle = Automatic;
						TestTargetID = D46E48C01E940AAE00EA9D6B;
					};
				};
			};
			buildConfigurationList = D46E48BC1E940AAE00EA9D6B /* Build configuration list for PBXProject "InstagramLikeApp" */;
			compatibilityVersion = "Xcode 3.2";
			developmentRegion = English;
			hasScannedForEncodings = 0;
			knownRegions = (
				en,
				Base,
			);
			mainGroup = D46E48B81E940AAE00EA9D6B;
			productRefGroup = D46E48C21E940AAE00EA9D6B /* Products */;
			projectDirPath = "";
			projectRoot = "";
			targets = (
				D46E48C01E940AAE00EA9D6B /* InstagramLikeApp */,
				D46E48D71E940AAE00EA9D6B /* InstagramLikeAppTests */,
				D46E48E21E940AAE00EA9D6B /* InstagramLikeAppUITests */,
			);
		};
/* End PBXProject section */

/* Begin PBXResourcesBuildPhase section */
		D46E48BF1E940AAE00EA9D6B /* Resources */ = {
			isa = PBXResourcesBuildPhase;
			buildActionMask = 2147483647;
			files = (
				D46E48D21E940AAE00EA9D6B /* LaunchScreen.storyboard in Resources */,
				D46E48FB1E9443B800EA9D6B /* GoogleService-Info.plist in Resources */,
				D46E48CF1E940AAE00EA9D6B /* Assets.xcassets in Resources */,
				D46E48CA1E940AAE00EA9D6B /* Main.storyboard in Resources */,
			);
			runOnlyForDeploymentPostprocessing = 0;
		};
		D46E48D61E940AAE00EA9D6B /* Resources */ = {
			isa = PBXResourcesBuildPhase;
			buildActionMask = 2147483647;
			files = (
			);
			runOnlyForDeploymentPostprocessing = 0;
		};
		D46E48E11E940AAE00EA9D6B /* Resources */ = {
			isa = PBXResourcesBuildPhase;
			buildActionMask = 2147483647;
			files = (
			);
			runOnlyForDeploymentPostprocessing = 0;
		};
/* End PBXResourcesBuildPhase section */

/* Begin PBXShellScriptBuildPhase section */
		006C658C8A808FC8E2DAC210 /* [CP] Check Pods Manifest.lock */ = {
			isa = PBXShellScriptBuildPhase;
			buildActionMask = 2147483647;
			files = (
			);
			inputPaths = (
			);
			name = "[CP] Check Pods Manifest.lock";
			outputPaths = (
			);
			runOnlyForDeploymentPostprocessing = 0;
			shellPath = /bin/sh;
			shellScript = "diff \"${PODS_ROOT}/../Podfile.lock\" \"${PODS_ROOT}/Manifest.lock\" > /dev/null\nif [ $? != 0 ] ; then\n    # print error to STDERR\n    echo \"error: The sandbox is not in sync with the Podfile.lock. Run 'pod install' or update your CocoaPods installation.\" >&2\n    exit 1\nfi\n";
			showEnvVarsInLog = 0;
		};
		0EFDC5382AC925FE19622E8D /* [CP] Copy Pods Resources */ = {
			isa = PBXShellScriptBuildPhase;
			buildActionMask = 2147483647;
			files = (
			);
			inputPaths = (
			);
			name = "[CP] Copy Pods Resources";
			outputPaths = (
			);
			runOnlyForDeploymentPostprocessing = 0;
			shellPath = /bin/sh;
			shellScript = "\"${SRCROOT}/Pods/Target Support Files/Pods-InstagramLikeApp/Pods-InstagramLikeApp-resources.sh\"\n";
			showEnvVarsInLog = 0;
		};
		D414A43D1E95F95D0013958C /* ShellScript */ = {
			isa = PBXShellScriptBuildPhase;
			buildActionMask = 2147483647;
			files = (
			);
			inputPaths = (
			);
			outputPaths = (
			);
			runOnlyForDeploymentPostprocessing = 0;
			shellPath = /bin/sh;
			shellScript = "\"${PODS_ROOT}/Fabric/run\" e6b6c875f144aa8189383ca363a5f18dc7afaf9b 5dc2881e0f988437e12d37735c8cbced130018cbb9fd79e4c81c605344c75381";
		};
		F5EE8FBFFFB44007A9C8EE92 /* [CP] Embed Pods Frameworks */ = {
			isa = PBXShellScriptBuildPhase;
			buildActionMask = 2147483647;
			files = (
			);
			inputPaths = (
			);
			name = "[CP] Embed Pods Frameworks";
			outputPaths = (
			);
			runOnlyForDeploymentPostprocessing = 0;
			shellPath = /bin/sh;
			shellScript = "\"${SRCROOT}/Pods/Target Support Files/Pods-InstagramLikeApp/Pods-InstagramLikeApp-frameworks.sh\"\n";
			showEnvVarsInLog = 0;
		};
/* End PBXShellScriptBuildPhase section */

/* Begin PBXSourcesBuildPhase section */
		D46E48BD1E940AAE00EA9D6B /* Sources */ = {
			isa = PBXSourcesBuildPhase;
			buildActionMask = 2147483647;
			files = (
				D4A9BD671E9B1C2C00C6E20F /* Structs.swift in Sources */,
				D46E48F91E94343A00EA9D6B /* Extensions.swift in Sources */,
				D46E48F61E94269800EA9D6B /* mViewController.swift in Sources */,
				D4F2CB661E97E91800B0F1D6 /* MainTabBarController.swift in Sources */,
				D46D40E21E983F6F00D6447B /* UserProfileHeader.swift in Sources */,
				D46E48C71E940AAE00EA9D6B /* SignUpController.swift in Sources */,
				D4F2CB681E97EAF900B0F1D6 /* UserProfileController.swift in Sources */,
				D46E48C51E940AAE00EA9D6B /* AppDelegate.swift in Sources */,
				D46E48CD1E940AAE00EA9D6B /* InstagramLikeApp.xcdatamodeld in Sources */,
				D4A9BD931E9D4DAE00C6E20F /* LoginController.swift in Sources */,
			);
			runOnlyForDeploymentPostprocessing = 0;
		};
		D46E48D41E940AAE00EA9D6B /* Sources */ = {
			isa = PBXSourcesBuildPhase;
			buildActionMask = 2147483647;
			files = (
				D46E48DD1E940AAE00EA9D6B /* InstagramLikeAppTests.swift in Sources */,
			);
			runOnlyForDeploymentPostprocessing = 0;
		};
		D46E48DF1E940AAE00EA9D6B /* Sources */ = {
			isa = PBXSourcesBuildPhase;
			buildActionMask = 2147483647;
			files = (
				D46E48E81E940AAE00EA9D6B /* InstagramLikeAppUITests.swift in Sources */,
			);
			runOnlyForDeploymentPostprocessing = 0;
		};
/* End PBXSourcesBuildPhase section */

/* Begin PBXTargetDependency section */
		D46E48DA1E940AAE00EA9D6B /* PBXTargetDependency */ = {
			isa = PBXTargetDependency;
			target = D46E48C01E940AAE00EA9D6B /* InstagramLikeApp */;
			targetProxy = D46E48D91E940AAE00EA9D6B /* PBXContainerItemProxy */;
		};
		D46E48E51E940AAE00EA9D6B /* PBXTargetDependency */ = {
			isa = PBXTargetDependency;
			target = D46E48C01E940AAE00EA9D6B /* InstagramLikeApp */;
			targetProxy = D46E48E41E940AAE00EA9D6B /* PBXContainerItemProxy */;
		};
/* End PBXTargetDependency section */

/* Begin PBXVariantGroup section */
		D46E48C81E940AAE00EA9D6B /* Main.storyboard */ = {
			isa = PBXVariantGroup;
			children = (
				D46E48C91E940AAE00EA9D6B /* Base */,
			);
			name = Main.storyboard;
			sourceTree = "<group>";
		};
		D46E48D01E940AAE00EA9D6B /* LaunchScreen.storyboard */ = {
			isa = PBXVariantGroup;
			children = (
				D46E48D11E940AAE00EA9D6B /* Base */,
			);
			name = LaunchScreen.storyboard;
			sourceTree = "<group>";
		};
/* End PBXVariantGroup section */

/* Begin XCBuildConfiguration section */
		D46E48EA1E940AAE00EA9D6B /* Debug */ = {
			isa = XCBuildConfiguration;
			buildSettings = {
				ALWAYS_SEARCH_USER_PATHS = NO;
				CLANG_ANALYZER_NONNULL = YES;
				CLANG_ANALYZER_NUMBER_OBJECT_CONVERSION = YES_AGGRESSIVE;
				CLANG_CXX_LANGUAGE_STANDARD = "gnu++0x";
				CLANG_CXX_LIBRARY = "libc++";
				CLANG_ENABLE_MODULES = YES;
				CLANG_ENABLE_OBJC_ARC = YES;
				CLANG_WARN_BOOL_CONVERSION = YES;
				CLANG_WARN_CONSTANT_CONVERSION = YES;
				CLANG_WARN_DIRECT_OBJC_ISA_USAGE = YES_ERROR;
				CLANG_WARN_DOCUMENTATION_COMMENTS = YES;
				CLANG_WARN_EMPTY_BODY = YES;
				CLANG_WARN_ENUM_CONVERSION = YES;
				CLANG_WARN_INFINITE_RECURSION = YES;
				CLANG_WARN_INT_CONVERSION = YES;
				CLANG_WARN_OBJC_ROOT_CLASS = YES_ERROR;
				CLANG_WARN_SUSPICIOUS_MOVE = YES;
				CLANG_WARN_UNREACHABLE_CODE = YES;
				CLANG_WARN__DUPLICATE_METHOD_MATCH = YES;
				"CODE_SIGN_IDENTITY[sdk=iphoneos*]" = "iPhone Developer";
				COPY_PHASE_STRIP = NO;
				DEBUG_INFORMATION_FORMAT = dwarf;
				ENABLE_STRICT_OBJC_MSGSEND = YES;
				ENABLE_TESTABILITY = YES;
				GCC_C_LANGUAGE_STANDARD = gnu99;
				GCC_DYNAMIC_NO_PIC = NO;
				GCC_NO_COMMON_BLOCKS = YES;
				GCC_OPTIMIZATION_LEVEL = 0;
				GCC_PREPROCESSOR_DEFINITIONS = (
					"DEBUG=1",
					"$(inherited)",
				);
				GCC_WARN_64_TO_32_BIT_CONVERSION = YES;
				GCC_WARN_ABOUT_RETURN_TYPE = YES_ERROR;
				GCC_WARN_UNDECLARED_SELECTOR = YES;
				GCC_WARN_UNINITIALIZED_AUTOS = YES_AGGRESSIVE;
				GCC_WARN_UNUSED_FUNCTION = YES;
				GCC_WARN_UNUSED_VARIABLE = YES;
				IPHONEOS_DEPLOYMENT_TARGET = 10.3;
				MTL_ENABLE_DEBUG_INFO = YES;
				ONLY_ACTIVE_ARCH = YES;
				SDKROOT = iphoneos;
				SWIFT_ACTIVE_COMPILATION_CONDITIONS = DEBUG;
				SWIFT_OPTIMIZATION_LEVEL = "-Onone";
				TARGETED_DEVICE_FAMILY = "1,2";
			};
			name = Debug;
		};
		D46E48EB1E940AAE00EA9D6B /* Release */ = {
			isa = XCBuildConfiguration;
			buildSettings = {
				ALWAYS_SEARCH_USER_PATHS = NO;
				CLANG_ANALYZER_NONNULL = YES;
				CLANG_ANALYZER_NUMBER_OBJECT_CONVERSION = YES_AGGRESSIVE;
				CLANG_CXX_LANGUAGE_STANDARD = "gnu++0x";
				CLANG_CXX_LIBRARY = "libc++";
				CLANG_ENABLE_MODULES = YES;
				CLANG_ENABLE_OBJC_ARC = YES;
				CLANG_WARN_BOOL_CONVERSION = YES;
				CLANG_WARN_CONSTANT_CONVERSION = YES;
				CLANG_WARN_DIRECT_OBJC_ISA_USAGE = YES_ERROR;
				CLANG_WARN_DOCUMENTATION_COMMENTS = YES;
				CLANG_WARN_EMPTY_BODY = YES;
				CLANG_WARN_ENUM_CONVERSION = YES;
				CLANG_WARN_INFINITE_RECURSION = YES;
				CLANG_WARN_INT_CONVERSION = YES;
				CLANG_WARN_OBJC_ROOT_CLASS = YES_ERROR;
				CLANG_WARN_SUSPICIOUS_MOVE = YES;
				CLANG_WARN_UNREACHABLE_CODE = YES;
				CLANG_WARN__DUPLICATE_METHOD_MATCH = YES;
				"CODE_SIGN_IDENTITY[sdk=iphoneos*]" = "iPhone Developer";
				COPY_PHASE_STRIP = NO;
				DEBUG_INFORMATION_FORMAT = "dwarf-with-dsym";
				ENABLE_NS_ASSERTIONS = NO;
				ENABLE_STRICT_OBJC_MSGSEND = YES;
				GCC_C_LANGUAGE_STANDARD = gnu99;
				GCC_NO_COMMON_BLOCKS = YES;
				GCC_WARN_64_TO_32_BIT_CONVERSION = YES;
				GCC_WARN_ABOUT_RETURN_TYPE = YES_ERROR;
				GCC_WARN_UNDECLARED_SELECTOR = YES;
				GCC_WARN_UNINITIALIZED_AUTOS = YES_AGGRESSIVE;
				GCC_WARN_UNUSED_FUNCTION = YES;
				GCC_WARN_UNUSED_VARIABLE = YES;
				IPHONEOS_DEPLOYMENT_TARGET = 10.3;
				MTL_ENABLE_DEBUG_INFO = NO;
				SDKROOT = iphoneos;
				SWIFT_OPTIMIZATION_LEVEL = "-Owholemodule";
				TARGETED_DEVICE_FAMILY = "1,2";
				VALIDATE_PRODUCT = YES;
			};
			name = Release;
		};
		D46E48ED1E940AAE00EA9D6B /* Debug */ = {
			isa = XCBuildConfiguration;
			baseConfigurationReference = 6CB40394B38E0E7E4A06F7C4 /* Pods-InstagramLikeApp.debug.xcconfig */;
			buildSettings = {
				ASSETCATALOG_COMPILER_APPICON_NAME = AppIcon;
				CODE_SIGN_ENTITLEMENTS = InstagramLikeApp/InstagramLikeApp.entitlements;
				DEVELOPMENT_TEAM = XFDXLZRBS4;
				INFOPLIST_FILE = InstagramLikeApp/Info.plist;
				LD_RUNPATH_SEARCH_PATHS = "$(inherited) @executable_path/Frameworks";
				PRODUCT_BUNDLE_IDENTIFIER = com.ericyu423.InstagramLikeApp;
				PRODUCT_NAME = "$(TARGET_NAME)";
				SWIFT_VERSION = 3.0;
			};
			name = Debug;
		};
		D46E48EE1E940AAE00EA9D6B /* Release */ = {
			isa = XCBuildConfiguration;
			baseConfigurationReference = EBEA24F8F4CD8160F04A1699 /* Pods-InstagramLikeApp.release.xcconfig */;
			buildSettings = {
				ASSETCATALOG_COMPILER_APPICON_NAME = AppIcon;
				CODE_SIGN_ENTITLEMENTS = InstagramLikeApp/InstagramLikeApp.entitlements;
				DEVELOPMENT_TEAM = XFDXLZRBS4;
				INFOPLIST_FILE = InstagramLikeApp/Info.plist;
				LD_RUNPATH_SEARCH_PATHS = "$(inherited) @executable_path/Frameworks";
				PRODUCT_BUNDLE_IDENTIFIER = com.ericyu423.InstagramLikeApp;
				PRODUCT_NAME = "$(TARGET_NAME)";
				SWIFT_VERSION = 3.0;
			};
			name = Release;
		};
		D46E48F01E940AAE00EA9D6B /* Debug */ = {
			isa = XCBuildConfiguration;
			buildSettings = {
				ALWAYS_EMBED_SWIFT_STANDARD_LIBRARIES = YES;
				BUNDLE_LOADER = "$(TEST_HOST)";
				DEVELOPMENT_TEAM = XFDXLZRBS4;
				INFOPLIST_FILE = InstagramLikeAppTests/Info.plist;
				LD_RUNPATH_SEARCH_PATHS = "$(inherited) @executable_path/Frameworks @loader_path/Frameworks";
				PRODUCT_BUNDLE_IDENTIFIER = com.ericyu423.InstagramLikeAppTests;
				PRODUCT_NAME = "$(TARGET_NAME)";
				SWIFT_VERSION = 3.0;
				TEST_HOST = "$(BUILT_PRODUCTS_DIR)/InstagramLikeApp.app/InstagramLikeApp";
			};
			name = Debug;
		};
		D46E48F11E940AAE00EA9D6B /* Release */ = {
			isa = XCBuildConfiguration;
			buildSettings = {
				ALWAYS_EMBED_SWIFT_STANDARD_LIBRARIES = YES;
				BUNDLE_LOADER = "$(TEST_HOST)";
				DEVELOPMENT_TEAM = XFDXLZRBS4;
				INFOPLIST_FILE = InstagramLikeAppTests/Info.plist;
				LD_RUNPATH_SEARCH_PATHS = "$(inherited) @executable_path/Frameworks @loader_path/Frameworks";
				PRODUCT_BUNDLE_IDENTIFIER = com.ericyu423.InstagramLikeAppTests;
				PRODUCT_NAME = "$(TARGET_NAME)";
				SWIFT_VERSION = 3.0;
				TEST_HOST = "$(BUILT_PRODUCTS_DIR)/InstagramLikeApp.app/InstagramLikeApp";
			};
			name = Release;
		};
		D46E48F31E940AAE00EA9D6B /* Debug */ = {
			isa = XCBuildConfiguration;
			buildSettings = {
				ALWAYS_EMBED_SWIFT_STANDARD_LIBRARIES = YES;
				DEVELOPMENT_TEAM = XFDXLZRBS4;
				INFOPLIST_FILE = InstagramLikeAppUITests/Info.plist;
				LD_RUNPATH_SEARCH_PATHS = "$(inherited) @executable_path/Frameworks @loader_path/Frameworks";
				PRODUCT_BUNDLE_IDENTIFIER = com.ericyu423.InstagramLikeAppUITests;
				PRODUCT_NAME = "$(TARGET_NAME)";
				SWIFT_VERSION = 3.0;
				TEST_TARGET_NAME = InstagramLikeApp;
			};
			name = Debug;
		};
		D46E48F41E940AAE00EA9D6B /* Release */ = {
			isa = XCBuildConfiguration;
			buildSettings = {
				ALWAYS_EMBED_SWIFT_STANDARD_LIBRARIES = YES;
				DEVELOPMENT_TEAM = XFDXLZRBS4;
				INFOPLIST_FILE = InstagramLikeAppUITests/Info.plist;
				LD_RUNPATH_SEARCH_PATHS = "$(inherited) @executable_path/Frameworks @loader_path/Frameworks";
				PRODUCT_BUNDLE_IDENTIFIER = com.ericyu423.InstagramLikeAppUITests;
				PRODUCT_NAME = "$(TARGET_NAME)";
				SWIFT_VERSION = 3.0;
				TEST_TARGET_NAME = InstagramLikeApp;
			};
			name = Release;
		};
/* End XCBuildConfiguration section */

/* Begin XCConfigurationList section */
		D46E48BC1E940AAE00EA9D6B /* Build configuration list for PBXProject "InstagramLikeApp" */ = {
			isa = XCConfigurationList;
			buildConfigurations = (
				D46E48EA1E940AAE00EA9D6B /* Debug */,
				D46E48EB1E940AAE00EA9D6B /* Release */,
			);
			defaultConfigurationIsVisible = 0;
			defaultConfigurationName = Release;
		};
		D46E48EC1E940AAE00EA9D6B /* Build configuration list for PBXNativeTarget "InstagramLikeApp" */ = {
			isa = XCConfigurationList;
			buildConfigurations = (
				D46E48ED1E940AAE00EA9D6B /* Debug */,
				D46E48EE1E940AAE00EA9D6B /* Release */,
			);
			defaultConfigurationIsVisible = 0;
			defaultConfigurationName = Release;
		};
		D46E48EF1E940AAE00EA9D6B /* Build configuration list for PBXNativeTarget "InstagramLikeAppTests" */ = {
			isa = XCConfigurationList;
			buildConfigurations = (
				D46E48F01E940AAE00EA9D6B /* Debug */,
				D46E48F11E940AAE00EA9D6B /* Release */,
			);
			defaultConfigurationIsVisible = 0;
			defaultConfigurationName = Release;
		};
		D46E48F21E940AAE00EA9D6B /* Build configuration list for PBXNativeTarget "InstagramLikeAppUITests" */ = {
			isa = XCConfigurationList;
			buildConfigurations = (
				D46E48F31E940AAE00EA9D6B /* Debug */,
				D46E48F41E940AAE00EA9D6B /* Release */,
			);
			defaultConfigurationIsVisible = 0;
			defaultConfigurationName = Release;
		};
/* End XCConfigurationList section */

/* Begin XCVersionGroup section */
		D46E48CB1E940AAE00EA9D6B /* InstagramLikeApp.xcdatamodeld */ = {
			isa = XCVersionGroup;
			children = (
				D46E48CC1E940AAE00EA9D6B /* InstagramLikeApp.xcdatamodel */,
			);
			currentVersion = D46E48CC1E940AAE00EA9D6B /* InstagramLikeApp.xcdatamodel */;
			path = InstagramLikeApp.xcdatamodeld;
			sourceTree = "<group>";
			versionGroupType = wrapper.xcdatamodel;
		};
/* End XCVersionGroup section */
	};
	rootObject = D46E48B91E940AAE00EA9D6B /* Project object */;
}
